
Microsoft Visual Studio Solution File, Format Version 12.00
# Visual Studio Version 17
VisualStudioVersion = 17.14.36623.8
MinimumVisualStudioVersion = 10.0.40219.1
Project("{FAE04EC0-301F-11D3-BF4B-00C04F79EFBC}") = "QuizzCapitales", "QuizzCapitales\QuizzCapitales.csproj", "{AE95A11D-3B5F-4FCA-AD98-CC292F48097B}"
EndProject
Project("{FAE04EC0-301F-11D3-BF4B-00C04F79EFBC}") = "RelevésMétéo", "RelevésMétéo\RelevésMétéo.csproj", "{EAFDA61C-A4B7-46E6-999D-DF58D4B23781}"
EndProject
Project("{FAE04EC0-301F-11D3-BF4B-00C04F79EFBC}") = "CalendrierPerpetuel", "CalendrierPerpetuel\CalendrierPerpetuel.csproj", "{7FB03ADA-56C8-4B4B-8566-642B732B06AD}"
EndProject
Project("{FAE04EC0-301F-11D3-BF4B-00C04F79EFBC}") = "Concours", "Concours\Concours.csproj", "{B2B980F6-A7BF-405E-B520-CC098EA45DB4}"
EndProject
Global
	GlobalSection(SolutionConfigurationPlatforms) = preSolution
		Debug|Any CPU = Debug|Any CPU
		Release|Any CPU = Release|Any CPU
	EndGlobalSection
	GlobalSection(ProjectConfigurationPlatforms) = postSolution
		{AE95A11D-3B5F-4FCA-AD98-CC292F48097B}.Debug|Any CPU.ActiveCfg = Debug|Any CPU
		{AE95A11D-3B5F-4FCA-AD98-CC292F48097B}.Debug|Any CPU.Build.0 = Debug|Any CPU
		{AE95A11D-3B5F-4FCA-AD98-CC292F48097B}.Release|Any CPU.ActiveCfg = Release|Any CPU
		{AE95A11D-3B5F-4FCA-AD98-CC292F48097B}.Release|Any CPU.Build.0 = Release|Any CPU
		{EAFDA61C-A4B7-46E6-999D-DF58D4B23781}.Debug|Any CPU.ActiveCfg = Debug|Any CPU
		{EAFDA61C-A4B7-46E6-999D-DF58D4B23781}.Debug|Any CPU.Build.0 = Debug|Any CPU
		{EAFDA61C-A4B7-46E6-999D-DF58D4B23781}.Release|Any CPU.ActiveCfg = Release|Any CPU
		{EAFDA61C-A4B7-46E6-999D-DF58D4B23781}.Release|Any CPU.Build.0 = Release|Any CPU
		{7FB03ADA-56C8-4B4B-8566-642B732B06AD}.Debug|Any CPU.ActiveCfg = Debug|Any CPU
		{7FB03ADA-56C8-4B4B-8566-642B732B06AD}.Debug|Any CPU.Build.0 = Debug|Any CPU
		{7FB03ADA-56C8-4B4B-8566-642B732B06AD}.Release|Any CPU.ActiveCfg = Release|Any CPU
		{7FB03ADA-56C8-4B4B-8566-642B732B06AD}.Release|Any CPU.Build.0 = Release|Any CPU
		{B2B980F6-A7BF-405E-B520-CC098EA45DB4}.Debug|Any CPU.ActiveCfg = Debug|Any CPU
		{B2B980F6-A7BF-405E-B520-CC098EA45DB4}.Debug|Any CPU.Build.0 = Debug|Any CPU
		{B2B980F6-A7BF-405E-B520-CC098EA45DB4}.Release|Any CPU.ActiveCfg = Release|Any CPU
		{B2B980F6-A7BF-405E-B520-CC098EA45DB4}.Release|Any CPU.Build.0 = Release|Any CPU
	EndGlobalSection
	GlobalSection(SolutionProperties) = preSolution
		HideSolutionNode = FALSE
	EndGlobalSection
	GlobalSection(ExtensibilityGlobals) = postSolution
		SolutionGuid = {679C64BD-9648-4991-907B-794E61489ED0}
	EndGlobalSection
EndGlobal
