
Microsoft Visual Studio Solution File, Format Version 12.00
# Visual Studio Version 17
VisualStudioVersion = 17.14.36623.8 d17.14
MinimumVisualStudioVersion = 10.0.40219.1
Project("{FAE04EC0-301F-11D3-BF4B-00C04F79EFBC}") = "QuizzCapitales", "QuizzCapitales\QuizzCapitales.csproj", "{AE95A11D-3B5F-4FCA-AD98-CC292F48097B}"
EndProject
Global
	GlobalSection(SolutionConfigurationPlatforms) = preSolution
		Debug|Any CPU = Debug|Any CPU
		Release|Any CPU = Release|Any CPU
	EndGlobalSection
	GlobalSection(ProjectConfigurationPlatforms) = postSolution
		{AE95A11D-3B5F-4FCA-AD98-CC292F48097B}.Debug|Any CPU.ActiveCfg = Debug|Any CPU
		{AE95A11D-3B5F-4FCA-AD98-CC292F48097B}.Debug|Any CPU.Build.0 = Debug|Any CPU
		{AE95A11D-3B5F-4FCA-AD98-CC292F48097B}.Release|Any CPU.ActiveCfg = Release|Any CPU
		{AE95A11D-3B5F-4FCA-AD98-CC292F48097B}.Release|Any CPU.Build.0 = Release|Any CPU
	EndGlobalSection
	GlobalSection(SolutionProperties) = preSolution
		HideSolutionNode = FALSE
	EndGlobalSection
	GlobalSection(ExtensibilityGlobals) = postSolution
		SolutionGuid = {679C64BD-9648-4991-907B-794E61489ED0}
	EndGlobalSection
EndGlobal
